
Microsoft Visual Studio Solution File, Format Version 12.00
# Visual Studio 15
VisualStudioVersion = 15.0.26124.0
MinimumVisualStudioVersion = 15.0.26124.0
Project("{2150E333-8FDC-42A3-9474-1A3956D46DE8}") = "scr", "scr", "{72E416D9-89AE-4462-8A23-2BED16B59CE4}"
EndProject
Project("{FAE04EC0-301F-11D3-BF4B-00C04F79EFBC}") = "PatientContext.Domain", "scr\PatientContext.Domain\PatientContext.Domain.csproj", "{EA82E027-1141-459C-BF5E-78CC73F9D408}"
EndProject
Project("{FAE04EC0-301F-11D3-BF4B-00C04F79EFBC}") = "PatientContext.Shared", "scr\PatientContext.Shared\PatientContext.Shared.csproj", "{DA3D2A69-D564-4C3B-B911-A996C3FE6A72}"
EndProject
Project("{2150E333-8FDC-42A3-9474-1A3956D46DE8}") = "test", "test", "{8DBE0F14-ED2E-49DC-AC33-A0F36317B1A2}"
EndProject
Project("{FAE04EC0-301F-11D3-BF4B-00C04F79EFBC}") = "PatientContext.Test", "test\PatientContext.Test\PatientContext.Test.csproj", "{26BB3AB8-C90A-46F6-BD92-A9F0A458D71C}"
EndProject
Global
	GlobalSection(SolutionConfigurationPlatforms) = preSolution
		Debug|Any CPU = Debug|Any CPU
		Debug|x64 = Debug|x64
		Debug|x86 = Debug|x86
		Release|Any CPU = Release|Any CPU
		Release|x64 = Release|x64
		Release|x86 = Release|x86
	EndGlobalSection
	GlobalSection(SolutionProperties) = preSolution
		HideSolutionNode = FALSE
	EndGlobalSection
	GlobalSection(ProjectConfigurationPlatforms) = postSolution
		{EA82E027-1141-459C-BF5E-78CC73F9D408}.Debug|Any CPU.ActiveCfg = Debug|Any CPU
		{EA82E027-1141-459C-BF5E-78CC73F9D408}.Debug|Any CPU.Build.0 = Debug|Any CPU
		{EA82E027-1141-459C-BF5E-78CC73F9D408}.Debug|x64.ActiveCfg = Debug|Any CPU
		{EA82E027-1141-459C-BF5E-78CC73F9D408}.Debug|x64.Build.0 = Debug|Any CPU
		{EA82E027-1141-459C-BF5E-78CC73F9D408}.Debug|x86.ActiveCfg = Debug|Any CPU
		{EA82E027-1141-459C-BF5E-78CC73F9D408}.Debug|x86.Build.0 = Debug|Any CPU
		{EA82E027-1141-459C-BF5E-78CC73F9D408}.Release|Any CPU.ActiveCfg = Release|Any CPU
		{EA82E027-1141-459C-BF5E-78CC73F9D408}.Release|Any CPU.Build.0 = Release|Any CPU
		{EA82E027-1141-459C-BF5E-78CC73F9D408}.Release|x64.ActiveCfg = Release|Any CPU
		{EA82E027-1141-459C-BF5E-78CC73F9D408}.Release|x64.Build.0 = Release|Any CPU
		{EA82E027-1141-459C-BF5E-78CC73F9D408}.Release|x86.ActiveCfg = Release|Any CPU
		{EA82E027-1141-459C-BF5E-78CC73F9D408}.Release|x86.Build.0 = Release|Any CPU
		{DA3D2A69-D564-4C3B-B911-A996C3FE6A72}.Debug|Any CPU.ActiveCfg = Debug|Any CPU
		{DA3D2A69-D564-4C3B-B911-A996C3FE6A72}.Debug|Any CPU.Build.0 = Debug|Any CPU
		{DA3D2A69-D564-4C3B-B911-A996C3FE6A72}.Debug|x64.ActiveCfg = Debug|Any CPU
		{DA3D2A69-D564-4C3B-B911-A996C3FE6A72}.Debug|x64.Build.0 = Debug|Any CPU
		{DA3D2A69-D564-4C3B-B911-A996C3FE6A72}.Debug|x86.ActiveCfg = Debug|Any CPU
		{DA3D2A69-D564-4C3B-B911-A996C3FE6A72}.Debug|x86.Build.0 = Debug|Any CPU
		{DA3D2A69-D564-4C3B-B911-A996C3FE6A72}.Release|Any CPU.ActiveCfg = Release|Any CPU
		{DA3D2A69-D564-4C3B-B911-A996C3FE6A72}.Release|Any CPU.Build.0 = Release|Any CPU
		{DA3D2A69-D564-4C3B-B911-A996C3FE6A72}.Release|x64.ActiveCfg = Release|Any CPU
		{DA3D2A69-D564-4C3B-B911-A996C3FE6A72}.Release|x64.Build.0 = Release|Any CPU
		{DA3D2A69-D564-4C3B-B911-A996C3FE6A72}.Release|x86.ActiveCfg = Release|Any CPU
		{DA3D2A69-D564-4C3B-B911-A996C3FE6A72}.Release|x86.Build.0 = Release|Any CPU
		{26BB3AB8-C90A-46F6-BD92-A9F0A458D71C}.Debug|Any CPU.ActiveCfg = Debug|Any CPU
		{26BB3AB8-C90A-46F6-BD92-A9F0A458D71C}.Debug|Any CPU.Build.0 = Debug|Any CPU
		{26BB3AB8-C90A-46F6-BD92-A9F0A458D71C}.Debug|x64.ActiveCfg = Debug|Any CPU
		{26BB3AB8-C90A-46F6-BD92-A9F0A458D71C}.Debug|x64.Build.0 = Debug|Any CPU
		{26BB3AB8-C90A-46F6-BD92-A9F0A458D71C}.Debug|x86.ActiveCfg = Debug|Any CPU
		{26BB3AB8-C90A-46F6-BD92-A9F0A458D71C}.Debug|x86.Build.0 = Debug|Any CPU
		{26BB3AB8-C90A-46F6-BD92-A9F0A458D71C}.Release|Any CPU.ActiveCfg = Release|Any CPU
		{26BB3AB8-C90A-46F6-BD92-A9F0A458D71C}.Release|Any CPU.Build.0 = Release|Any CPU
		{26BB3AB8-C90A-46F6-BD92-A9F0A458D71C}.Release|x64.ActiveCfg = Release|Any CPU
		{26BB3AB8-C90A-46F6-BD92-A9F0A458D71C}.Release|x64.Build.0 = Release|Any CPU
		{26BB3AB8-C90A-46F6-BD92-A9F0A458D71C}.Release|x86.ActiveCfg = Release|Any CPU
		{26BB3AB8-C90A-46F6-BD92-A9F0A458D71C}.Release|x86.Build.0 = Release|Any CPU
	EndGlobalSection
	GlobalSection(NestedProjects) = preSolution
		{EA82E027-1141-459C-BF5E-78CC73F9D408} = {72E416D9-89AE-4462-8A23-2BED16B59CE4}
		{DA3D2A69-D564-4C3B-B911-A996C3FE6A72} = {72E416D9-89AE-4462-8A23-2BED16B59CE4}
		{26BB3AB8-C90A-46F6-BD92-A9F0A458D71C} = {8DBE0F14-ED2E-49DC-AC33-A0F36317B1A2}
	EndGlobalSection
EndGlobal
